
Microsoft Visual Studio Solution File, Format Version 12.00
# Visual Studio Version 16
VisualStudioVersion = 16.0.30330.147
MinimumVisualStudioVersion = 10.0.40219.1
Project("{FAE04EC0-301F-11D3-BF4B-00C04F79EFBC}") = "CSH1_Tag1_Aufgabe_01", "CSH1_Tag1_Aufgabe_01\CSH1_Tag1_Aufgabe_01.csproj", "{03ED8867-EDDF-4E77-B47F-6DE6A5C92FBA}"
EndProject
Global
	GlobalSection(SolutionConfigurationPlatforms) = preSolution
		Debug|Any CPU = Debug|Any CPU
		Release|Any CPU = Release|Any CPU
	EndGlobalSection
	GlobalSection(ProjectConfigurationPlatforms) = postSolution
		{03ED8867-EDDF-4E77-B47F-6DE6A5C92FBA}.Debug|Any CPU.ActiveCfg = Debug|Any CPU
		{03ED8867-EDDF-4E77-B47F-6DE6A5C92FBA}.Debug|Any CPU.Build.0 = Debug|Any CPU
		{03ED8867-EDDF-4E77-B47F-6DE6A5C92FBA}.Release|Any CPU.ActiveCfg = Release|Any CPU
		{03ED8867-EDDF-4E77-B47F-6DE6A5C92FBA}.Release|Any CPU.Build.0 = Release|Any CPU
	EndGlobalSection
	GlobalSection(SolutionProperties) = preSolution
		HideSolutionNode = FALSE
	EndGlobalSection
	GlobalSection(ExtensibilityGlobals) = postSolution
		SolutionGuid = {5AD0279A-B4C9-4A9B-8D61-ABDE7D55E11A}
	EndGlobalSection
EndGlobal
